<?xml version="1.0" encoding="utf-8"?>
<Project ToolsVersion="4.0" xmlns="http://schemas.microsoft.com/developer/msbuild/2003">
  <ItemGroup>
    <Filter Include="Source Files">
      <UniqueIdentifier>{4FC737F1-C7A5-4376-A066-2A32D752A2FF}</UniqueIdentifier>
      <Extensions>cpp;c;cc;cxx;c++;cppm;ixx;def;odl;idl;hpj;bat;asm;asmx</Extensions>
    </Filter>
    <Filter Include="Header Files">
      <UniqueIdentifier>{93995380-89BD-4b04-88EB-625FBE52EBFB}</UniqueIdentifier>
      <Extensions>h;hh;hpp;hxx;h++;hm;inl;inc;ipp;xsd</Extensions>
    </Filter>
    <Filter Include="Resource Files">
      <UniqueIdentifier>{67DA6AB6-F800-4c08-8B7A-83BB121AAD01}</UniqueIdentifier>
      <Extensions>rc;ico;cur;bmp;dlg;rc2;rct;bin;rgs;gif;jpg;jpeg;jpe;resx;tiff;tif;png;wav;mfcribbon-ms</Extensions>
    </Filter>
    <Filter Include="Source Files\global">
      <UniqueIdentifier>{665d2d01-dcc6-4c35-90cb-2a6448d7dbd6}</UniqueIdentifier>
    </Filter>
    <Filter Include="Header Files\global">
      <UniqueIdentifier>{8723699f-6a49-414d-abc0-afc6e6badcf1}</UniqueIdentifier>
    </Filter>
    <Filter Include="Source Files\modules">
      <UniqueIdentifier>{0f1b0565-df5f-4852-b027-248489caf70c}</UniqueIdentifier>
    </Filter>
    <Filter Include="Header Files\module">
      <UniqueIdentifier>{0b499e78-ccef-4de9-b9e4-8b624e67baab}</UniqueIdentifier>
    </Filter>
    <Filter Include="Header Files\module\modules">
      <UniqueIdentifier>{2c463f04-f5af-4d1d-bb5d-4243e32de5c6}</UniqueIdentifier>
    </Filter>
    <Filter Include="Header Files\hooks">
      <UniqueIdentifier>{753d8239-ff7f-4bba-8cd8-ba35b37c2175}</UniqueIdentifier>
    </Filter>
    <Filter Include="More Files">
      <UniqueIdentifier>{32faca21-f956-4a1f-9e8d-2c60a2fbbfe6}</UniqueIdentifier>
    </Filter>
    <Filter Include="Header Files\module\modules\management">
      <UniqueIdentifier>{e1059efd-4539-4715-a223-ef86a1eceae7}</UniqueIdentifier>
    </Filter>
    <Filter Include="Header Files\module\modules\movement">
      <UniqueIdentifier>{18c1a56d-5f01-4d0a-8898-0ae6291e915d}</UniqueIdentifier>
    </Filter>
    <Filter Include="Header Files\module\modules\enviroment">
      <UniqueIdentifier>{d182d15e-3cad-4f38-a18e-128e6e9a501a}</UniqueIdentifier>
    </Filter>
    <Filter Include="Source Files\modules\management">
      <UniqueIdentifier>{60867937-1c95-422c-a069-d41d7003bd93}</UniqueIdentifier>
    </Filter>
    <Filter Include="Source Files\modules\movement">
      <UniqueIdentifier>{17d9e70c-08ce-4ff3-82e6-ca734b62224d}</UniqueIdentifier>
    </Filter>
    <Filter Include="Source Files\modules\enviroment">
      <UniqueIdentifier>{fa17cd99-67e0-4e61-b3a5-d3cd0ffab790}</UniqueIdentifier>
    </Filter>
    <Filter Include="Source Files\hooks">
      <UniqueIdentifier>{3d9255c5-a811-41e8-bd9a-a55df48bf214}</UniqueIdentifier>
    </Filter>
  </ItemGroup>
  <ItemGroup>
    <ClInclude Include="framework.h">
      <Filter>Header Files</Filter>
    </ClInclude>
    <ClInclude Include="pch.h">
      <Filter>Header Files</Filter>
    </ClInclude>
    <ClInclude Include="global.h">
      <Filter>Header Files\global</Filter>
    </ClInclude>
    <ClInclude Include="modules.h">
      <Filter>Header Files\module</Filter>
    </ClInclude>
    <ClInclude Include="main.h">
      <Filter>Header Files</Filter>
    </ClInclude>
    <ClInclude Include="ChatMessageHooks.h">
      <Filter>Header Files\hooks</Filter>
    </ClInclude>
    <ClInclude Include="hooks.h">
      <Filter>Header Files\hooks</Filter>
    </ClInclude>
    <ClInclude Include="interpreter.h">
      <Filter>Header Files\module</Filter>
    </ClInclude>
    <ClInclude Include="GlobalHooks.h">
      <Filter>Header Files\hooks</Filter>
    </ClInclude>
    <ClInclude Include="HelpLists.h">
      <Filter>Header Files\module\modules\management</Filter>
    </ClInclude>
  </ItemGroup>
  <ItemGroup>
    <ClCompile Include="dllmain.cpp">
      <Filter>Source Files</Filter>
    </ClCompile>
    <ClCompile Include="pch.cpp">
      <Filter>Source Files</Filter>
    </ClCompile>
    <ClCompile Include="global.cpp">
      <Filter>Source Files\global</Filter>
    </ClCompile>
    <ClCompile Include="..\Include\SDK\Basic.cpp">
      <Filter>More Files</Filter>
    </ClCompile>
    <ClCompile Include="..\Include\SDK\BrickRigs_functions.cpp">
      <Filter>More Files</Filter>
    </ClCompile>
    <ClCompile Include="..\Include\SDK\CoreUObject_functions.cpp">
      <Filter>More Files</Filter>
    </ClCompile>
    <ClCompile Include="..\Include\SDK\Engine_functions.cpp">
      <Filter>More Files</Filter>
    </ClCompile>
    <ClCompile Include="interpreter.cpp">
      <Filter>Source Files\modules</Filter>
    </ClCompile>
    <ClCompile Include="ChatMessageHooks.cpp">
      <Filter>Source Files\hooks</Filter>
    </ClCompile>
    <ClCompile Include="main.cpp">
      <Filter>Source Files</Filter>
    </ClCompile>
    <ClCompile Include="GlobalHooks.cpp">
      <Filter>Source Files\hooks</Filter>
    </ClCompile>
    <ClCompile Include="..\Include\SDK\WBP_WindowManager_functions.cpp">
      <Filter>More Files</Filter>
    </ClCompile>
    <ClCompile Include="..\Include\SDK\WBP_Tooltip_functions.cpp">
      <Filter>More Files</Filter>
    </ClCompile>
    <ClCompile Include="..\Include\SDK\WBP_TeamScore_functions.cpp">
      <Filter>More Files</Filter>
    </ClCompile>
    <ClCompile Include="..\Include\SDK\WBP_StructProperty_functions.cpp">
      <Filter>More Files</Filter>
    </ClCompile>
    <ClCompile Include="..\Include\SDK\WBP_RestrictedArea_functions.cpp">
      <Filter>More Files</Filter>
    </ClCompile>
    <ClCompile Include="..\Include\SDK\WBP_PopupContainer_functions.cpp">
      <Filter>More Files</Filter>
    </ClCompile>
    <ClCompile Include="..\Include\SDK\WBP_Player_functions.cpp">
      <Filter>More Files</Filter>
    </ClCompile>
    <ClCompile Include="..\Include\SDK\WBP_PingIndicator_functions.cpp">
      <Filter>More Files</Filter>
    </ClCompile>
    <ClCompile Include="..\Include\SDK\WBP_MenuButton_functions.cpp">
      <Filter>More Files</Filter>
    </ClCompile>
    <ClCompile Include="..\Include\SDK\WBP_Menu_functions.cpp">
      <Filter>More Files</Filter>
    </ClCompile>
    <ClCompile Include="..\Include\SDK\WBP_MatchTimer_functions.cpp">
      <Filter>More Files</Filter>
    </ClCompile>
    <ClCompile Include="..\Include\SDK\WBP_MatchState_functions.cpp">
      <Filter>More Files</Filter>
    </ClCompile>
    <ClCompile Include="..\Include\SDK\WBP_LoadingScreen_functions.cpp">
      <Filter>More Files</Filter>
    </ClCompile>
    <ClCompile Include="..\Include\SDK\WBP_InteractionOption_functions.cpp">
      <Filter>More Files</Filter>
    </ClCompile>
    <ClCompile Include="..\Include\SDK\WBP_Interaction_functions.cpp">
      <Filter>More Files</Filter>
    </ClCompile>
    <ClCompile Include="..\Include\SDK\WBP_InputKeySpacer_functions.cpp">
      <Filter>More Files</Filter>
    </ClCompile>
    <ClCompile Include="..\Include\SDK\WBP_InputKey_functions.cpp">
      <Filter>More Files</Filter>
    </ClCompile>
    <ClCompile Include="..\Include\SDK\WBP_InputHelp_functions.cpp">
      <Filter>More Files</Filter>
    </ClCompile>
    <ClCompile Include="..\Include\SDK\WBP_InputChord_functions.cpp">
      <Filter>More Files</Filter>
    </ClCompile>
    <ClCompile Include="..\Include\SDK\WBP_InputActionList_functions.cpp">
      <Filter>More Files</Filter>
    </ClCompile>
    <ClCompile Include="..\Include\SDK\WBP_InputActionCategory_functions.cpp">
      <Filter>More Files</Filter>
    </ClCompile>
    <ClCompile Include="..\Include\SDK\WBP_InputAction_functions.cpp">
      <Filter>More Files</Filter>
    </ClCompile>
    <ClCompile Include="..\Include\SDK\WBP_HurtMarker_functions.cpp">
      <Filter>More Files</Filter>
    </ClCompile>
    <ClCompile Include="..\Include\SDK\WBP_HUDNotification_functions.cpp">
      <Filter>More Files</Filter>
    </ClCompile>
    <ClCompile Include="..\Include\SDK\WBP_HUDIconContainer_functions.cpp">
      <Filter>More Files</Filter>
    </ClCompile>
    <ClCompile Include="..\Include\SDK\WBP_HUDContainer_functions.cpp">
      <Filter>More Files</Filter>
    </ClCompile>
    <ClCompile Include="..\Include\SDK\WBP_HealthBar_functions.cpp">
      <Filter>More Files</Filter>
    </ClCompile>
    <ClCompile Include="..\Include\SDK\WBP_GameOverlay_functions.cpp">
      <Filter>More Files</Filter>
    </ClCompile>
    <ClCompile Include="..\Include\SDK\WBP_GameLogo_functions.cpp">
      <Filter>More Files</Filter>
    </ClCompile>
    <ClCompile Include="..\Include\SDK\WBP_CurrentItem_functions.cpp">
      <Filter>More Files</Filter>
    </ClCompile>
    <ClCompile Include="..\Include\SDK\WBP_Crosshair_functions.cpp">
      <Filter>More Files</Filter>
    </ClCompile>
    <ClCompile Include="..\Include\SDK\WBP_ControlHint_functions.cpp">
      <Filter>More Files</Filter>
    </ClCompile>
    <ClCompile Include="..\Include\SDK\WBP_ContextMenu_functions.cpp">
      <Filter>More Files</Filter>
    </ClCompile>
    <ClCompile Include="..\Include\SDK\WBP_ChatMessage_functions.cpp">
      <Filter>More Files</Filter>
    </ClCompile>
    <ClCompile Include="..\Include\SDK\WBP_Chat_functions.cpp">
      <Filter>More Files</Filter>
    </ClCompile>
    <ClCompile Include="..\Include\SDK\WBP_BrickTextBox_functions.cpp">
      <Filter>More Files</Filter>
    </ClCompile>
    <ClCompile Include="..\Include\SDK\WBP_BrickSliderReadOnly_functions.cpp">
      <Filter>More Files</Filter>
    </ClCompile>
    <ClCompile Include="..\Include\SDK\WBP_BrickSlider_functions.cpp">
      <Filter>More Files</Filter>
    </ClCompile>
    <ClCompile Include="..\Include\SDK\Water_functions.cpp">
      <Filter>More Files</Filter>
    </ClCompile>
    <ClCompile Include="..\Include\SDK\UMG_functions.cpp">
      <Filter>More Files</Filter>
    </ClCompile>
    <ClCompile Include="..\Include\SDK\TimeManagement_functions.cpp">
      <Filter>More Files</Filter>
    </ClCompile>
    <ClCompile Include="..\Include\SDK\TemplateSequence_functions.cpp">
      <Filter>More Files</Filter>
    </ClCompile>
    <ClCompile Include="..\Include\SDK\StaticMeshDescription_functions.cpp">
      <Filter>More Files</Filter>
    </ClCompile>
    <ClCompile Include="..\Include\SDK\OnlineSubsystemUtils_functions.cpp">
      <Filter>More Files</Filter>
    </ClCompile>
    <ClCompile Include="..\Include\SDK\OnlineSubsystem_functions.cpp">
      <Filter>More Files</Filter>
    </ClCompile>
    <ClCompile Include="..\Include\SDK\NiagaraAnimNotifies_functions.cpp">
      <Filter>More Files</Filter>
    </ClCompile>
    <ClCompile Include="..\Include\SDK\Niagara_functions.cpp">
      <Filter>More Files</Filter>
    </ClCompile>
    <ClCompile Include="..\Include\SDK\NavigationSystem_functions.cpp">
      <Filter>More Files</Filter>
    </ClCompile>
    <ClCompile Include="..\Include\SDK\MRMesh_functions.cpp">
      <Filter>More Files</Filter>
    </ClCompile>
    <ClCompile Include="..\Include\SDK\MovieSceneTracks_functions.cpp">
      <Filter>More Files</Filter>
    </ClCompile>
    <ClCompile Include="..\Include\SDK\MovieSceneCapture_functions.cpp">
      <Filter>More Files</Filter>
    </ClCompile>
    <ClCompile Include="..\Include\SDK\MovieScene_functions.cpp">
      <Filter>More Files</Filter>
    </ClCompile>
    <ClCompile Include="..\Include\SDK\MeshDescription_functions.cpp">
      <Filter>More Files</Filter>
    </ClCompile>
    <ClCompile Include="..\Include\SDK\MediaAssets_functions.cpp">
      <Filter>More Files</Filter>
    </ClCompile>
    <ClCompile Include="..\Include\SDK\LevelSequence_functions.cpp">
      <Filter>More Files</Filter>
    </ClCompile>
    <ClCompile Include="..\Include\SDK\Landscape_functions.cpp">
      <Filter>More Files</Filter>
    </ClCompile>
    <ClCompile Include="..\Include\SDK\ImageWriteQueue_functions.cpp">
      <Filter>More Files</Filter>
    </ClCompile>
    <ClCompile Include="..\Include\SDK\HeadMountedDisplay_functions.cpp">
      <Filter>More Files</Filter>
    </ClCompile>
    <ClCompile Include="..\Include\SDK\GameplayTasks_functions.cpp">
      <Filter>More Files</Filter>
    </ClCompile>
    <ClCompile Include="..\Include\SDK\GameplayTags_functions.cpp">
      <Filter>More Files</Filter>
    </ClCompile>
    <ClCompile Include="..\Include\SDK\GameplayCameras_functions.cpp">
      <Filter>More Files</Filter>
    </ClCompile>
    <ClCompile Include="..\Include\SDK\Foliage_functions.cpp">
      <Filter>More Files</Filter>
    </ClCompile>
    <ClCompile Include="..\Include\SDK\FluUGC_functions.cpp">
      <Filter>More Files</Filter>
    </ClCompile>
    <ClCompile Include="..\Include\SDK\FluMoveSync_functions.cpp">
      <Filter>More Files</Filter>
    </ClCompile>
    <ClCompile Include="..\Include\SDK\EyeTracker_functions.cpp">
      <Filter>More Files</Filter>
    </ClCompile>
    <ClCompile Include="..\Include\SDK\EngineSettings_functions.cpp">
      <Filter>More Files</Filter>
    </ClCompile>
    <ClCompile Include="..\Include\SDK\DLSSBlueprint_functions.cpp">
      <Filter>More Files</Filter>
    </ClCompile>
    <ClCompile Include="..\Include\SDK\ClothingSystemRuntimeNv_functions.cpp">
      <Filter>More Files</Filter>
    </ClCompile>
    <ClCompile Include="..\Include\SDK\ClothingSystemRuntimeInterface_functions.cpp">
      <Filter>More Files</Filter>
    </ClCompile>
    <ClCompile Include="..\Include\SDK\CinematicCamera_functions.cpp">
      <Filter>More Files</Filter>
    </ClCompile>
    <ClCompile Include="..\Include\SDK\CableComponent_functions.cpp">
      <Filter>More Files</Filter>
    </ClCompile>
    <ClCompile Include="..\Include\SDK\BTT_ZombieAttack_functions.cpp">
      <Filter>More Files</Filter>
    </ClCompile>
    <ClCompile Include="..\Include\SDK\BTS_ZombieFindTarget_functions.cpp">
      <Filter>More Files</Filter>
    </ClCompile>
    <ClCompile Include="..\Include\SDK\BrickRigs_classes.cpp">
      <Filter>More Files</Filter>
    </ClCompile>
    <ClCompile Include="..\Include\SDK\BP_ZombieAIController_functions.cpp">
      <Filter>More Files</Filter>
    </ClCompile>
    <ClCompile Include="..\Include\SDK\BP_UIStyle_White_functions.cpp">
      <Filter>More Files</Filter>
    </ClCompile>
    <ClCompile Include="..\Include\SDK\BP_UIStyle_Violet_functions.cpp">
      <Filter>More Files</Filter>
    </ClCompile>
    <ClCompile Include="..\Include\SDK\BP_UIStyle_Orange_functions.cpp">
      <Filter>More Files</Filter>
    </ClCompile>
    <ClCompile Include="..\Include\SDK\BP_UIStyle_Gray_functions.cpp">
      <Filter>More Files</Filter>
    </ClCompile>
    <ClCompile Include="..\Include\SDK\BP_UIStyle_Default_functions.cpp">
      <Filter>More Files</Filter>
    </ClCompile>
    <ClCompile Include="..\Include\SDK\BP_UIStyle_Cyan_functions.cpp">
      <Filter>More Files</Filter>
    </ClCompile>
    <ClCompile Include="..\Include\SDK\BP_UIStyle_Blue_functions.cpp">
      <Filter>More Files</Filter>
    </ClCompile>
    <ClCompile Include="..\Include\SDK\BP_UIFunctionLibrary_functions.cpp">
      <Filter>More Files</Filter>
    </ClCompile>
    <ClCompile Include="..\Include\SDK\BP_Sign_functions.cpp">
      <Filter>More Files</Filter>
    </ClCompile>
    <ClCompile Include="..\Include\SDK\BP_Shredder_functions.cpp">
      <Filter>More Files</Filter>
    </ClCompile>
    <ClCompile Include="..\Include\SDK\BP_PowerPlant_functions.cpp">
      <Filter>More Files</Filter>
    </ClCompile>
    <ClCompile Include="..\Include\SDK\BP_MenuFunctionLibrary_functions.cpp">
      <Filter>More Files</Filter>
    </ClCompile>
    <ClCompile Include="..\Include\SDK\BP_FuelTank_functions.cpp">
      <Filter>More Files</Filter>
    </ClCompile>
    <ClCompile Include="..\Include\SDK\BP_Dumpster_functions.cpp">
      <Filter>More Files</Filter>
    </ClCompile>
    <ClCompile Include="..\Include\SDK\BP_Construction_Building_functions.cpp">
      <Filter>More Files</Filter>
    </ClCompile>
    <ClCompile Include="..\Include\SDK\BP_BrickCharacter_functions.cpp">
      <Filter>More Files</Filter>
    </ClCompile>
    <ClCompile Include="..\Include\SDK\BP_Brick_8x8x1s_functions.cpp">
      <Filter>More Files</Filter>
    </ClCompile>
    <ClCompile Include="..\Include\SDK\BP_Blender_functions.cpp">
      <Filter>More Files</Filter>
    </ClCompile>
    <ClCompile Include="..\Include\SDK\AutomationUtils_functions.cpp">
      <Filter>More Files</Filter>
    </ClCompile>
    <ClCompile Include="..\Include\SDK\AugmentedReality_functions.cpp">
      <Filter>More Files</Filter>
    </ClCompile>
    <ClCompile Include="..\Include\SDK\AudioMixer_functions.cpp">
      <Filter>More Files</Filter>
    </ClCompile>
    <ClCompile Include="..\Include\SDK\AssetTags_functions.cpp">
      <Filter>More Files</Filter>
    </ClCompile>
    <ClCompile Include="..\Include\SDK\AssetRegistry_functions.cpp">
      <Filter>More Files</Filter>
    </ClCompile>
    <ClCompile Include="..\Include\SDK\ApexDestruction_functions.cpp">
      <Filter>More Files</Filter>
    </ClCompile>
    <ClCompile Include="..\Include\SDK\AnimGraphRuntime_functions.cpp">
      <Filter>More Files</Filter>
    </ClCompile>
    <ClCompile Include="..\Include\SDK\AnimationSharing_functions.cpp">
      <Filter>More Files</Filter>
    </ClCompile>
    <ClCompile Include="..\Include\SDK\AIModule_functions.cpp">
      <Filter>More Files</Filter>
    </ClCompile>
    <ClCompile Include="..\Include\SDK\ABP_Zombie_functions.cpp">
      <Filter>More Files</Filter>
    </ClCompile>
    <ClCompile Include="..\Include\SDK\ABP_Character_functions.cpp">
      <Filter>More Files</Filter>
    </ClCompile>
  </ItemGroup>
  <ItemGroup>
    <Text Include="Modules.txt">
      <Filter>Header Files\module</Filter>
    </Text>
  </ItemGroup>
</Project>